
Microsoft Visual Studio Solution File, Format Version 12.00
# Visual Studio 15
VisualStudioVersion = 15.0.27130.2027
MinimumVisualStudioVersion = 10.0.40219.1
Project("{FAE04EC0-301F-11D3-BF4B-00C04F79EFBC}") = "Hobbi", "Hobbi\Hobbi.csproj", "{0A369B26-597A-4A51-AC35-1ABE00F5839A}"
EndProject
Global
	GlobalSection(SolutionConfigurationPlatforms) = preSolution
		Debug|Any CPU = Debug|Any CPU
		Release|Any CPU = Release|Any CPU
	EndGlobalSection
	GlobalSection(ProjectConfigurationPlatforms) = postSolution
		{0A369B26-597A-4A51-AC35-1ABE00F5839A}.Debug|Any CPU.ActiveCfg = Debug|Any CPU
		{0A369B26-597A-4A51-AC35-1ABE00F5839A}.Debug|Any CPU.Build.0 = Debug|Any CPU
		{0A369B26-597A-4A51-AC35-1ABE00F5839A}.Release|Any CPU.ActiveCfg = Release|Any CPU
		{0A369B26-597A-4A51-AC35-1ABE00F5839A}.Release|Any CPU.Build.0 = Release|Any CPU
	EndGlobalSection
	GlobalSection(SolutionProperties) = preSolution
		HideSolutionNode = FALSE
	EndGlobalSection
	GlobalSection(ExtensibilityGlobals) = postSolution
		SolutionGuid = {F5ADE8B8-5CCF-4240-8E94-94B6E655C0AF}
	EndGlobalSection
EndGlobal
